<?xml version="1.0" encoding="utf-8"?>
<Project ToolsVersion="4.0" xmlns="http://schemas.microsoft.com/developer/msbuild/2003">
  <ItemGroup>
    <Filter Include="소스 파일">
      <UniqueIdentifier>{4FC737F1-C7A5-4376-A066-2A32D752A2FF}</UniqueIdentifier>
      <Extensions>cpp;c;cc;cxx;c++;cppm;ixx;def;odl;idl;hpj;bat;asm;asmx</Extensions>
    </Filter>
    <Filter Include="헤더 파일">
      <UniqueIdentifier>{93995380-89BD-4b04-88EB-625FBE52EBFB}</UniqueIdentifier>
      <Extensions>h;hh;hpp;hxx;h++;hm;inl;inc;ipp;xsd</Extensions>
    </Filter>
    <Filter Include="리소스 파일">
      <UniqueIdentifier>{67DA6AB6-F800-4c08-8B7A-83BB121AAD01}</UniqueIdentifier>
      <Extensions>rc;ico;cur;bmp;dlg;rc2;rct;bin;rgs;gif;jpg;jpeg;jpe;resx;tiff;tif;png;wav;mfcribbon-ms</Extensions>
    </Filter>
    <Filter Include="소스 파일\week1">
      <UniqueIdentifier>{e3d1e03d-b542-4c6c-adb2-8bbb790f97cb}</UniqueIdentifier>
    </Filter>
    <Filter Include="소스 파일\week2">
      <UniqueIdentifier>{db5d225d-4271-4b39-9aa3-d77f1f4e1c0e}</UniqueIdentifier>
    </Filter>
    <Filter Include="소스 파일\week4">
      <UniqueIdentifier>{d928cc07-9edd-4f32-b4f5-f51734e7c4a0}</UniqueIdentifier>
    </Filter>
    <Filter Include="소스 파일\week3">
      <UniqueIdentifier>{13a816fa-71bd-4ec9-922f-e8663eed4aed}</UniqueIdentifier>
    </Filter>
    <Filter Include="소스 파일\week5">
      <UniqueIdentifier>{37c01f0f-3321-4b94-b5e2-f84ff74e30b9}</UniqueIdentifier>
    </Filter>
    <Filter Include="소스 파일\week6">
      <UniqueIdentifier>{04589162-0b27-4d80-9a4f-23d492d8ecdf}</UniqueIdentifier>
    </Filter>
    <Filter Include="소스 파일\models">
      <UniqueIdentifier>{c3bcbcaf-f523-41aa-9073-341a49462061}</UniqueIdentifier>
    </Filter>
    <Filter Include="소스 파일\models\Implement">
      <UniqueIdentifier>{18af8b2e-fed7-4130-b14c-0de4605320c0}</UniqueIdentifier>
    </Filter>
    <Filter Include="소스 파일\models\Linear Structure">
      <UniqueIdentifier>{eddc4b19-3884-4275-a0ec-c9a7e4744606}</UniqueIdentifier>
    </Filter>
    <Filter Include="소스 파일\models\Non-Linear Structure">
      <UniqueIdentifier>{3c8bc0fa-bdaa-4efd-a039-cece039fc46a}</UniqueIdentifier>
    </Filter>
    <Filter Include="소스 파일\week7">
      <UniqueIdentifier>{f61aec89-1594-4946-8255-3619d3cdbc89}</UniqueIdentifier>
    </Filter>
    <Filter Include="소스 파일\examPractice">
      <UniqueIdentifier>{12b2ab4f-151e-483d-92fb-dd483b8bc4a6}</UniqueIdentifier>
    </Filter>
  </ItemGroup>
  <ItemGroup>
    <ClCompile Include="w1ex1.cpp">
      <Filter>소스 파일\week1</Filter>
    </ClCompile>
    <ClCompile Include="w1p1.cpp">
      <Filter>소스 파일\week1</Filter>
    </ClCompile>
    <ClCompile Include="w1p2.cpp">
      <Filter>소스 파일\week1</Filter>
    </ClCompile>
    <ClCompile Include="w1p3.cpp">
      <Filter>소스 파일\week1</Filter>
    </ClCompile>
    <ClCompile Include="w1p4.cpp">
      <Filter>소스 파일\week1</Filter>
    </ClCompile>
    <ClCompile Include="w2p1.cpp">
      <Filter>소스 파일\week2</Filter>
    </ClCompile>
    <ClCompile Include="w4ex1.cpp">
      <Filter>소스 파일\week4</Filter>
    </ClCompile>
    <ClCompile Include="w4ex2.cpp">
      <Filter>소스 파일\week4</Filter>
    </ClCompile>
    <ClCompile Include="w2p3.cpp">
      <Filter>소스 파일\week2</Filter>
    </ClCompile>
    <ClCompile Include="w4p1.cpp">
      <Filter>소스 파일\week4</Filter>
    </ClCompile>
    <ClCompile Include="w4p2.cpp">
      <Filter>소스 파일\week4</Filter>
    </ClCompile>
    <ClCompile Include="w2p2.cpp">
      <Filter>소스 파일\week2</Filter>
    </ClCompile>
    <ClCompile Include="w2p4.cpp">
      <Filter>소스 파일\week2</Filter>
    </ClCompile>
    <ClCompile Include="w3ex1.cpp">
      <Filter>소스 파일\week3</Filter>
    </ClCompile>
    <ClCompile Include="w3ex2.cpp">
      <Filter>소스 파일\week3</Filter>
    </ClCompile>
    <ClCompile Include="w3ex3.cpp">
      <Filter>소스 파일\week3</Filter>
    </ClCompile>
    <ClCompile Include="w3p1.cpp">
      <Filter>소스 파일\week3</Filter>
    </ClCompile>
    <ClCompile Include="w3p2.cpp">
      <Filter>소스 파일\week3</Filter>
    </ClCompile>
    <ClCompile Include="w3p3.cpp">
      <Filter>소스 파일\week3</Filter>
    </ClCompile>
    <ClCompile Include="w3p4.cpp">
      <Filter>소스 파일\week3</Filter>
    </ClCompile>
    <ClCompile Include="w4p3.cpp">
      <Filter>소스 파일\week4</Filter>
    </ClCompile>
    <ClCompile Include="w4p4.cpp">
      <Filter>소스 파일\week4</Filter>
    </ClCompile>
    <ClCompile Include="w5ex2.cpp">
      <Filter>소스 파일\week5</Filter>
    </ClCompile>
    <ClCompile Include="w5p1.cpp">
      <Filter>소스 파일\week5</Filter>
    </ClCompile>
    <ClCompile Include="w5p2.cpp">
      <Filter>소스 파일\week5</Filter>
    </ClCompile>
    <ClCompile Include="w5ex1.cpp">
      <Filter>소스 파일\week5</Filter>
    </ClCompile>
    <ClCompile Include="w5p3.cpp">
      <Filter>소스 파일\week5</Filter>
    </ClCompile>
    <ClCompile Include="w5p4.cpp">
      <Filter>소스 파일\week5</Filter>
    </ClCompile>
    <ClCompile Include="w6ex1.cpp">
      <Filter>소스 파일\week6</Filter>
    </ClCompile>
    <ClCompile Include="w6p1.cpp">
      <Filter>소스 파일\week6</Filter>
    </ClCompile>
    <ClCompile Include="w6p2.cpp">
      <Filter>소스 파일\week6</Filter>
    </ClCompile>
    <ClCompile Include="w6p3.cpp">
      <Filter>소스 파일\week6</Filter>
    </ClCompile>
    <ClCompile Include="w6p4.cpp">
      <Filter>소스 파일\week6</Filter>
    </ClCompile>
    <ClCompile Include="Array.cpp">
      <Filter>소스 파일\models\Implement</Filter>
    </ClCompile>
    <ClCompile Include="SLinkedList.cpp">
      <Filter>소스 파일\models\Implement</Filter>
    </ClCompile>
    <ClCompile Include="DLinkedList.cpp">
      <Filter>소스 파일\models\Implement</Filter>
    </ClCompile>
    <ClCompile Include="StackArray.cpp">
      <Filter>소스 파일\models\Linear Structure</Filter>
    </ClCompile>
    <ClCompile Include="StackList.cpp">
      <Filter>소스 파일\models\Linear Structure</Filter>
    </ClCompile>
    <ClCompile Include="QueueArray.cpp">
      <Filter>소스 파일\models\Linear Structure</Filter>
    </ClCompile>
    <ClCompile Include="QueueList.cpp">
      <Filter>소스 파일\models\Linear Structure</Filter>
    </ClCompile>
    <ClCompile Include="Vector.cpp">
      <Filter>소스 파일\models\Linear Structure</Filter>
    </ClCompile>
    <ClCompile Include="List.cpp">
      <Filter>소스 파일\models\Linear Structure</Filter>
    </ClCompile>
    <ClCompile Include="SequenceList.cpp">
      <Filter>소스 파일\models\Linear Structure</Filter>
    </ClCompile>
    <ClCompile Include="SequenceArray.cpp">
      <Filter>소스 파일\models\Linear Structure</Filter>
    </ClCompile>
    <ClCompile Include="w7ex1.cpp">
      <Filter>소스 파일\week7</Filter>
    </ClCompile>
    <ClCompile Include="w7p1.cpp">
      <Filter>소스 파일\week7</Filter>
    </ClCompile>
    <ClCompile Include="w7p2.cpp">
      <Filter>소스 파일\week7</Filter>
    </ClCompile>
    <ClCompile Include="exArray.cpp">
      <Filter>소스 파일\examPractice</Filter>
    </ClCompile>
    <ClCompile Include="exSLinkedList.cpp">
      <Filter>소스 파일\examPractice</Filter>
    </ClCompile>
    <ClCompile Include="exDLinkedList.cpp">
      <Filter>소스 파일\examPractice</Filter>
    </ClCompile>
    <ClCompile Include="exStackArray.cpp">
      <Filter>소스 파일\examPractice</Filter>
    </ClCompile>
    <ClCompile Include="exStackList.cpp">
      <Filter>소스 파일\examPractice</Filter>
    </ClCompile>
    <ClCompile Include="exQueueArray.cpp">
      <Filter>소스 파일\examPractice</Filter>
    </ClCompile>
    <ClCompile Include="exQueueList.cpp">
      <Filter>소스 파일\examPractice</Filter>
    </ClCompile>
    <ClCompile Include="exVectorArray.cpp">
      <Filter>소스 파일\examPractice</Filter>
    </ClCompile>
    <ClCompile Include="exVectorCalculArray.cpp">
      <Filter>소스 파일\examPractice</Filter>
    </ClCompile>
    <ClCompile Include="exList.cpp">
      <Filter>소스 파일\examPractice</Filter>
    </ClCompile>
    <ClCompile Include="exSequenceList.cpp">
      <Filter>소스 파일\examPractice</Filter>
    </ClCompile>
    <ClCompile Include="exSequenceArray.cpp">
      <Filter>소스 파일\examPractice</Filter>
    </ClCompile>
    <ClCompile Include="exTree.cpp">
      <Filter>소스 파일\examPractice</Filter>
    </ClCompile>
    <ClCompile Include="w7p3.cpp">
      <Filter>소스 파일\week7</Filter>
    </ClCompile>
    <ClCompile Include="w7p4.cpp">
      <Filter>소스 파일\week7</Filter>
    </ClCompile>
  </ItemGroup>
</Project>